
Microsoft Visual Studio Solution File, Format Version 12.00
# Visual Studio Version 17
VisualStudioVersion = 17.4.33213.308
MinimumVisualStudioVersion = 10.0.40219.1
Project("{9A19103F-16F7-4668-BE54-9A1E7A4F7556}") = "JK.Garage.Web", "JK.Garage.Web\JK.Garage.Web.csproj", "{504DEB28-2920-4A1D-826E-AF98182CC6DD}"
EndProject
Project("{9A19103F-16F7-4668-BE54-9A1E7A4F7556}") = "JK.Garage.Common", "JK.Garage.Common\JK.Garage.Common.csproj", "{04F1D410-37A7-4CB1-80C2-73D581B01B3D}"
EndProject
Project("{9A19103F-16F7-4668-BE54-9A1E7A4F7556}") = "JK.Garage.Data.Sqlite", "JK.Garage.Data.Sqlite\JK.Garage.Data.Sqlite.csproj", "{81D9A0DD-9EC4-4D0D-AAA3-94F42E456B51}"
EndProject
Global
	GlobalSection(SolutionConfigurationPlatforms) = preSolution
		Debug|Any CPU = Debug|Any CPU
		Release|Any CPU = Release|Any CPU
	EndGlobalSection
	GlobalSection(ProjectConfigurationPlatforms) = postSolution
		{504DEB28-2920-4A1D-826E-AF98182CC6DD}.Debug|Any CPU.ActiveCfg = Debug|Any CPU
		{504DEB28-2920-4A1D-826E-AF98182CC6DD}.Debug|Any CPU.Build.0 = Debug|Any CPU
		{504DEB28-2920-4A1D-826E-AF98182CC6DD}.Release|Any CPU.ActiveCfg = Release|Any CPU
		{504DEB28-2920-4A1D-826E-AF98182CC6DD}.Release|Any CPU.Build.0 = Release|Any CPU
		{04F1D410-37A7-4CB1-80C2-73D581B01B3D}.Debug|Any CPU.ActiveCfg = Debug|Any CPU
		{04F1D410-37A7-4CB1-80C2-73D581B01B3D}.Debug|Any CPU.Build.0 = Debug|Any CPU
		{04F1D410-37A7-4CB1-80C2-73D581B01B3D}.Release|Any CPU.ActiveCfg = Release|Any CPU
		{04F1D410-37A7-4CB1-80C2-73D581B01B3D}.Release|Any CPU.Build.0 = Release|Any CPU
		{81D9A0DD-9EC4-4D0D-AAA3-94F42E456B51}.Debug|Any CPU.ActiveCfg = Debug|Any CPU
		{81D9A0DD-9EC4-4D0D-AAA3-94F42E456B51}.Debug|Any CPU.Build.0 = Debug|Any CPU
		{81D9A0DD-9EC4-4D0D-AAA3-94F42E456B51}.Release|Any CPU.ActiveCfg = Release|Any CPU
		{81D9A0DD-9EC4-4D0D-AAA3-94F42E456B51}.Release|Any CPU.Build.0 = Release|Any CPU
	EndGlobalSection
	GlobalSection(SolutionProperties) = preSolution
		HideSolutionNode = FALSE
	EndGlobalSection
	GlobalSection(ExtensibilityGlobals) = postSolution
		SolutionGuid = {633966CE-7465-43B8-94D0-CA6B2155F568}
	EndGlobalSection
EndGlobal
